
Microsoft Visual Studio Solution File, Format Version 12.00
# Visual Studio Version 17
VisualStudioVersion = 17.11.35208.52
MinimumVisualStudioVersion = 10.0.40219.1
Project("{FAE04EC0-301F-11D3-BF4B-00C04F79EFBC}") = "CIS 199 lab 5", "CIS 199 lab 5\CIS 199 lab 5.csproj", "{CD7740C9-6D67-45A9-92A8-C36B7C159DC0}"
EndProject
Global
	GlobalSection(SolutionConfigurationPlatforms) = preSolution
		Debug|Any CPU = Debug|Any CPU
		Release|Any CPU = Release|Any CPU
	EndGlobalSection
	GlobalSection(ProjectConfigurationPlatforms) = postSolution
		{CD7740C9-6D67-45A9-92A8-C36B7C159DC0}.Debug|Any CPU.ActiveCfg = Debug|Any CPU
		{CD7740C9-6D67-45A9-92A8-C36B7C159DC0}.Debug|Any CPU.Build.0 = Debug|Any CPU
		{CD7740C9-6D67-45A9-92A8-C36B7C159DC0}.Release|Any CPU.ActiveCfg = Release|Any CPU
		{CD7740C9-6D67-45A9-92A8-C36B7C159DC0}.Release|Any CPU.Build.0 = Release|Any CPU
	EndGlobalSection
	GlobalSection(SolutionProperties) = preSolution
		HideSolutionNode = FALSE
	EndGlobalSection
	GlobalSection(ExtensibilityGlobals) = postSolution
		SolutionGuid = {3D5E5AA2-C7D1-4491-A294-4CF5023A825C}
	EndGlobalSection
EndGlobal
